
Microsoft Visual Studio Solution File, Format Version 12.00
# Visual Studio 2012
Project("{FAE04EC0-301F-11D3-BF4B-00C04F79EFBC}") = "RestructureDemo1", "RestructureDemo1\RestructureDemo1.csproj", "{46158DA4-9A32-4FA0-92F5-663A3C5469D9}"
EndProject
Project("{FAE04EC0-301F-11D3-BF4B-00C04F79EFBC}") = "DelegateTestDemo1", "DelegateTestDemo1\DelegateTestDemo1.csproj", "{9AA49EBF-D3C3-48B4-AE95-467F434824A8}"
EndProject
Global
	GlobalSection(SolutionConfigurationPlatforms) = preSolution
		Debug|Any CPU = Debug|Any CPU
		Release|Any CPU = Release|Any CPU
	EndGlobalSection
	GlobalSection(ProjectConfigurationPlatforms) = postSolution
		{46158DA4-9A32-4FA0-92F5-663A3C5469D9}.Debug|Any CPU.ActiveCfg = Debug|Any CPU
		{46158DA4-9A32-4FA0-92F5-663A3C5469D9}.Debug|Any CPU.Build.0 = Debug|Any CPU
		{46158DA4-9A32-4FA0-92F5-663A3C5469D9}.Release|Any CPU.ActiveCfg = Release|Any CPU
		{46158DA4-9A32-4FA0-92F5-663A3C5469D9}.Release|Any CPU.Build.0 = Release|Any CPU
		{9AA49EBF-D3C3-48B4-AE95-467F434824A8}.Debug|Any CPU.ActiveCfg = Debug|Any CPU
		{9AA49EBF-D3C3-48B4-AE95-467F434824A8}.Debug|Any CPU.Build.0 = Debug|Any CPU
		{9AA49EBF-D3C3-48B4-AE95-467F434824A8}.Release|Any CPU.ActiveCfg = Release|Any CPU
		{9AA49EBF-D3C3-48B4-AE95-467F434824A8}.Release|Any CPU.Build.0 = Release|Any CPU
	EndGlobalSection
	GlobalSection(SolutionProperties) = preSolution
		HideSolutionNode = FALSE
	EndGlobalSection
EndGlobal
